// !$*UTF8*$!
{
	archiveVersion = 1;
	classes = {
	};
	objectVersion = 56;
	objects = {

/* Begin PBXBuildFile section */
		EE366DD729E9DAD40004ADA6 /* AppDelegate.swift in Sources */ = {isa = PBXBuildFile; fileRef = EE366DD629E9DAD40004ADA6 /* AppDelegate.swift */; };
		EE366DD929E9DAD40004ADA6 /* SceneDelegate.swift in Sources */ = {isa = PBXBuildFile; fileRef = EE366DD829E9DAD40004ADA6 /* SceneDelegate.swift */; };
		EE366DE029E9DAD50004ADA6 /* Assets.xcassets in Resources */ = {isa = PBXBuildFile; fileRef = EE366DDF29E9DAD50004ADA6 /* Assets.xcassets */; };
		EE366DE329E9DAD50004ADA6 /* LaunchScreen.storyboard in Resources */ = {isa = PBXBuildFile; fileRef = EE366DE129E9DAD50004ADA6 /* LaunchScreen.storyboard */; };
		EE366DF429E9DDBD0004ADA6 /* MainViewController.swift in Sources */ = {isa = PBXBuildFile; fileRef = EE366DF329E9DDBD0004ADA6 /* MainViewController.swift */; };
		EE366DFA29E9DFBA0004ADA6 /* LensView.swift in Sources */ = {isa = PBXBuildFile; fileRef = EE366DF929E9DFBA0004ADA6 /* LensView.swift */; };
		EE366DFC29E9E0530004ADA6 /* SortSettingsView.swift in Sources */ = {isa = PBXBuildFile; fileRef = EE366DFB29E9E0530004ADA6 /* SortSettingsView.swift */; };
		EE366DFE29E9E1A60004ADA6 /* CrossButton.swift in Sources */ = {isa = PBXBuildFile; fileRef = EE366DFD29E9E1A60004ADA6 /* CrossButton.swift */; };
		EE366E0029E9E5940004ADA6 /* SearchTextField.swift in Sources */ = {isa = PBXBuildFile; fileRef = EE366DFF29E9E5940004ADA6 /* SearchTextField.swift */; };
		EE366E0229E9EEAE0004ADA6 /* Animation.swift in Sources */ = {isa = PBXBuildFile; fileRef = EE366E0129E9EEAE0004ADA6 /* Animation.swift */; };
		EE366E0429E9F1370004ADA6 /* CancelButton.swift in Sources */ = {isa = PBXBuildFile; fileRef = EE366E0329E9F1370004ADA6 /* CancelButton.swift */; };
		EE366E0829E9F3FF0004ADA6 /* Departments.swift in Sources */ = {isa = PBXBuildFile; fileRef = EE366E0729E9F3FF0004ADA6 /* Departments.swift */; };
		EE366E0A29E9F4380004ADA6 /* DepartmentSegmentedControl.swift in Sources */ = {isa = PBXBuildFile; fileRef = EE366E0929E9F4380004ADA6 /* DepartmentSegmentedControl.swift */; };
		EE366E0C29E9F5680004ADA6 /* DepartmentsContentView.swift in Sources */ = {isa = PBXBuildFile; fileRef = EE366E0B29E9F5680004ADA6 /* DepartmentsContentView.swift */; };
		EE366E0E29E9F5D40004ADA6 /* DepartmentScrollView.swift in Sources */ = {isa = PBXBuildFile; fileRef = EE366E0D29E9F5D40004ADA6 /* DepartmentScrollView.swift */; };
		EE366E1229E9F9DC0004ADA6 /* Employee.swift in Sources */ = {isa = PBXBuildFile; fileRef = EE366E1129E9F9DC0004ADA6 /* Employee.swift */; };
		EE366E1429E9FA120004ADA6 /* Employees.swift in Sources */ = {isa = PBXBuildFile; fileRef = EE366E1329E9FA120004ADA6 /* Employees.swift */; };
		EE366E1629E9FAD20004ADA6 /* NetworkManager.swift in Sources */ = {isa = PBXBuildFile; fileRef = EE366E1529E9FAD20004ADA6 /* NetworkManager.swift */; };
		EE366E1929E9FCF50004ADA6 /* EmployeesTableView.swift in Sources */ = {isa = PBXBuildFile; fileRef = EE366E1829E9FCF50004ADA6 /* EmployeesTableView.swift */; };
		EE366E1B29E9FDB20004ADA6 /* EmployeesTableViewCell.swift in Sources */ = {isa = PBXBuildFile; fileRef = EE366E1A29E9FDB20004ADA6 /* EmployeesTableViewCell.swift */; };
		EE366E1D29E9FE9E0004ADA6 /* CoderDateFormatter.swift in Sources */ = {isa = PBXBuildFile; fileRef = EE366E1C29E9FE9E0004ADA6 /* CoderDateFormatter.swift */; };
		EE366E1F29EA00590004ADA6 /* LoadingView.swift in Sources */ = {isa = PBXBuildFile; fileRef = EE366E1E29EA00590004ADA6 /* LoadingView.swift */; };
		EE366E2129EA00FB0004ADA6 /* NotFindView.swift in Sources */ = {isa = PBXBuildFile; fileRef = EE366E2029EA00FB0004ADA6 /* NotFindView.swift */; };
		EE366E2429EA02410004ADA6 /* ErrorView.swift in Sources */ = {isa = PBXBuildFile; fileRef = EE366E2329EA02410004ADA6 /* ErrorView.swift */; };
		EE366E2629EA02EE0004ADA6 /* HeaderSectionView.swift in Sources */ = {isa = PBXBuildFile; fileRef = EE366E2529EA02EE0004ADA6 /* HeaderSectionView.swift */; };
		EE366E2829EA06330004ADA6 /* SectionModel.swift in Sources */ = {isa = PBXBuildFile; fileRef = EE366E2729EA06330004ADA6 /* SectionModel.swift */; };
		EE366E2B29EB32020004ADA6 /* ModalStackViewController.swift in Sources */ = {isa = PBXBuildFile; fileRef = EE366E2A29EB32020004ADA6 /* ModalStackViewController.swift */; };
		EE366E2F29EB33230004ADA6 /* DotIndicator.swift in Sources */ = {isa = PBXBuildFile; fileRef = EE366E2E29EB33230004ADA6 /* DotIndicator.swift */; };
		EE366E3229EB33B70004ADA6 /* SortingMethodView.swift in Sources */ = {isa = PBXBuildFile; fileRef = EE366E3129EB33B70004ADA6 /* SortingMethodView.swift */; };
		EE366E3429EB36470004ADA6 /* BackBarButtonItem.swift in Sources */ = {isa = PBXBuildFile; fileRef = EE366E3329EB36470004ADA6 /* BackBarButtonItem.swift */; };
		EE366E3729EB3F3A0004ADA6 /* ProfileViewController.swift in Sources */ = {isa = PBXBuildFile; fileRef = EE366E3629EB3F3A0004ADA6 /* ProfileViewController.swift */; };
		EE366E3A29EB3FC90004ADA6 /* ProfileTitleContentView.swift in Sources */ = {isa = PBXBuildFile; fileRef = EE366E3929EB3FC90004ADA6 /* ProfileTitleContentView.swift */; };
		EE366E3C29EB40AC0004ADA6 /* ProfileDetailsContentView.swift in Sources */ = {isa = PBXBuildFile; fileRef = EE366E3B29EB40AC0004ADA6 /* ProfileDetailsContentView.swift */; };
/* End PBXBuildFile section */

/* Begin PBXFileReference section */
		EE366DD329E9DAD40004ADA6 /* Coder.app */ = {isa = PBXFileReference; explicitFileType = wrapper.application; includeInIndex = 0; path = Coder.app; sourceTree = BUILT_PRODUCTS_DIR; };
		EE366DD629E9DAD40004ADA6 /* AppDelegate.swift */ = {isa = PBXFileReference; lastKnownFileType = sourcecode.swift; path = AppDelegate.swift; sourceTree = "<group>"; };
		EE366DD829E9DAD40004ADA6 /* SceneDelegate.swift */ = {isa = PBXFileReference; lastKnownFileType = sourcecode.swift; path = SceneDelegate.swift; sourceTree = "<group>"; };
		EE366DDF29E9DAD50004ADA6 /* Assets.xcassets */ = {isa = PBXFileReference; lastKnownFileType = folder.assetcatalog; path = Assets.xcassets; sourceTree = "<group>"; };
		EE366DE229E9DAD50004ADA6 /* Base */ = {isa = PBXFileReference; lastKnownFileType = file.storyboard; name = Base; path = Base.lproj/LaunchScreen.storyboard; sourceTree = "<group>"; };
		EE366DE429E9DAD50004ADA6 /* Info.plist */ = {isa = PBXFileReference; lastKnownFileType = text.plist.xml; path = Info.plist; sourceTree = "<group>"; };
		EE366DF329E9DDBD0004ADA6 /* MainViewController.swift */ = {isa = PBXFileReference; lastKnownFileType = sourcecode.swift; path = MainViewController.swift; sourceTree = "<group>"; };
		EE366DF929E9DFBA0004ADA6 /* LensView.swift */ = {isa = PBXFileReference; lastKnownFileType = sourcecode.swift; path = LensView.swift; sourceTree = "<group>"; };
		EE366DFB29E9E0530004ADA6 /* SortSettingsView.swift */ = {isa = PBXFileReference; lastKnownFileType = sourcecode.swift; path = SortSettingsView.swift; sourceTree = "<group>"; };
		EE366DFD29E9E1A60004ADA6 /* CrossButton.swift */ = {isa = PBXFileReference; lastKnownFileType = sourcecode.swift; path = CrossButton.swift; sourceTree = "<group>"; };
		EE366DFF29E9E5940004ADA6 /* SearchTextField.swift */ = {isa = PBXFileReference; lastKnownFileType = sourcecode.swift; path = SearchTextField.swift; sourceTree = "<group>"; };
		EE366E0129E9EEAE0004ADA6 /* Animation.swift */ = {isa = PBXFileReference; lastKnownFileType = sourcecode.swift; path = Animation.swift; sourceTree = "<group>"; };
		EE366E0329E9F1370004ADA6 /* CancelButton.swift */ = {isa = PBXFileReference; lastKnownFileType = sourcecode.swift; path = CancelButton.swift; sourceTree = "<group>"; };
		EE366E0729E9F3FF0004ADA6 /* Departments.swift */ = {isa = PBXFileReference; lastKnownFileType = sourcecode.swift; path = Departments.swift; sourceTree = "<group>"; };
		EE366E0929E9F4380004ADA6 /* DepartmentSegmentedControl.swift */ = {isa = PBXFileReference; lastKnownFileType = sourcecode.swift; path = DepartmentSegmentedControl.swift; sourceTree = "<group>"; };
		EE366E0B29E9F5680004ADA6 /* DepartmentsContentView.swift */ = {isa = PBXFileReference; lastKnownFileType = sourcecode.swift; path = DepartmentsContentView.swift; sourceTree = "<group>"; };
		EE366E0D29E9F5D40004ADA6 /* DepartmentScrollView.swift */ = {isa = PBXFileReference; lastKnownFileType = sourcecode.swift; path = DepartmentScrollView.swift; sourceTree = "<group>"; };
		EE366E1129E9F9DC0004ADA6 /* Employee.swift */ = {isa = PBXFileReference; lastKnownFileType = sourcecode.swift; path = Employee.swift; sourceTree = "<group>"; };
		EE366E1329E9FA120004ADA6 /* Employees.swift */ = {isa = PBXFileReference; lastKnownFileType = sourcecode.swift; path = Employees.swift; sourceTree = "<group>"; };
		EE366E1529E9FAD20004ADA6 /* NetworkManager.swift */ = {isa = PBXFileReference; lastKnownFileType = sourcecode.swift; path = NetworkManager.swift; sourceTree = "<group>"; };
		EE366E1829E9FCF50004ADA6 /* EmployeesTableView.swift */ = {isa = PBXFileReference; lastKnownFileType = sourcecode.swift; path = EmployeesTableView.swift; sourceTree = "<group>"; };
		EE366E1A29E9FDB20004ADA6 /* EmployeesTableViewCell.swift */ = {isa = PBXFileReference; lastKnownFileType = sourcecode.swift; path = EmployeesTableViewCell.swift; sourceTree = "<group>"; };
		EE366E1C29E9FE9E0004ADA6 /* CoderDateFormatter.swift */ = {isa = PBXFileReference; lastKnownFileType = sourcecode.swift; path = CoderDateFormatter.swift; sourceTree = "<group>"; };
		EE366E1E29EA00590004ADA6 /* LoadingView.swift */ = {isa = PBXFileReference; lastKnownFileType = sourcecode.swift; path = LoadingView.swift; sourceTree = "<group>"; };
		EE366E2029EA00FB0004ADA6 /* NotFindView.swift */ = {isa = PBXFileReference; lastKnownFileType = sourcecode.swift; path = NotFindView.swift; sourceTree = "<group>"; };
		EE366E2329EA02410004ADA6 /* ErrorView.swift */ = {isa = PBXFileReference; lastKnownFileType = sourcecode.swift; path = ErrorView.swift; sourceTree = "<group>"; };
		EE366E2529EA02EE0004ADA6 /* HeaderSectionView.swift */ = {isa = PBXFileReference; lastKnownFileType = sourcecode.swift; path = HeaderSectionView.swift; sourceTree = "<group>"; };
		EE366E2729EA06330004ADA6 /* SectionModel.swift */ = {isa = PBXFileReference; lastKnownFileType = sourcecode.swift; path = SectionModel.swift; sourceTree = "<group>"; };
		EE366E2A29EB32020004ADA6 /* ModalStackViewController.swift */ = {isa = PBXFileReference; lastKnownFileType = sourcecode.swift; path = ModalStackViewController.swift; sourceTree = "<group>"; };
		EE366E2E29EB33230004ADA6 /* DotIndicator.swift */ = {isa = PBXFileReference; lastKnownFileType = sourcecode.swift; path = DotIndicator.swift; sourceTree = "<group>"; };
		EE366E3129EB33B70004ADA6 /* SortingMethodView.swift */ = {isa = PBXFileReference; lastKnownFileType = sourcecode.swift; path = SortingMethodView.swift; sourceTree = "<group>"; };
		EE366E3329EB36470004ADA6 /* BackBarButtonItem.swift */ = {isa = PBXFileReference; lastKnownFileType = sourcecode.swift; path = BackBarButtonItem.swift; sourceTree = "<group>"; };
		EE366E3629EB3F3A0004ADA6 /* ProfileViewController.swift */ = {isa = PBXFileReference; lastKnownFileType = sourcecode.swift; path = ProfileViewController.swift; sourceTree = "<group>"; };
		EE366E3929EB3FC90004ADA6 /* ProfileTitleContentView.swift */ = {isa = PBXFileReference; lastKnownFileType = sourcecode.swift; path = ProfileTitleContentView.swift; sourceTree = "<group>"; };
		EE366E3B29EB40AC0004ADA6 /* ProfileDetailsContentView.swift */ = {isa = PBXFileReference; lastKnownFileType = sourcecode.swift; path = ProfileDetailsContentView.swift; sourceTree = "<group>"; };
/* End PBXFileReference section */

/* Begin PBXFrameworksBuildPhase section */
		EE366DD029E9DAD40004ADA6 /* Frameworks */ = {
			isa = PBXFrameworksBuildPhase;
			buildActionMask = 2147483647;
			files = (
			);
			runOnlyForDeploymentPostprocessing = 0;
		};
/* End PBXFrameworksBuildPhase section */

/* Begin PBXGroup section */
		EE366DCA29E9DAD40004ADA6 = {
			isa = PBXGroup;
			children = (
				EE366DD529E9DAD40004ADA6 /* Coder */,
				EE366DD429E9DAD40004ADA6 /* Products */,
			);
			sourceTree = "<group>";
		};
		EE366DD429E9DAD40004ADA6 /* Products */ = {
			isa = PBXGroup;
			children = (
				EE366DD329E9DAD40004ADA6 /* Coder.app */,
			);
			name = Products;
			sourceTree = "<group>";
		};
		EE366DD529E9DAD40004ADA6 /* Coder */ = {
			isa = PBXGroup;
			children = (
				EE366DEA29E9DBC00004ADA6 /* Application */,
				EE366DF229E9DDAE0004ADA6 /* Main VC */,
				EE366E2929EB31B50004ADA6 /* ModalStack VC */,
				EE366E3529EB3EE70004ADA6 /* Detail VC */,
				EE366E0F29E9F93A0004ADA6 /* NetworkService */,
				EE366DEB29E9DBD60004ADA6 /* Supporting files */,
			);
			path = Coder;
			sourceTree = "<group>";
		};
		EE366DEA29E9DBC00004ADA6 /* Application */ = {
			isa = PBXGroup;
			children = (
				EE366DD629E9DAD40004ADA6 /* AppDelegate.swift */,
				EE366DD829E9DAD40004ADA6 /* SceneDelegate.swift */,
				EE366E0129E9EEAE0004ADA6 /* Animation.swift */,
				EE366E1C29E9FE9E0004ADA6 /* CoderDateFormatter.swift */,
			);
			path = Application;
			sourceTree = "<group>";
		};
		EE366DEB29E9DBD60004ADA6 /* Supporting files */ = {
			isa = PBXGroup;
			children = (
				EE366DDF29E9DAD50004ADA6 /* Assets.xcassets */,
				EE366DE129E9DAD50004ADA6 /* LaunchScreen.storyboard */,
				EE366DE429E9DAD50004ADA6 /* Info.plist */,
			);
			path = "Supporting files";
			sourceTree = "<group>";
		};
		EE366DF229E9DDAE0004ADA6 /* Main VC */ = {
			isa = PBXGroup;
			children = (
				EE366E0629E9F3550004ADA6 /* DepartmentsNavigation */,
				EE366DF829E9DFA50004ADA6 /* SearchBar */,
				EE366DF329E9DDBD0004ADA6 /* MainViewController.swift */,
				EE366E1729E9FC390004ADA6 /* EmployeesList */,
			);
			path = "Main VC";
			sourceTree = "<group>";
		};
		EE366DF829E9DFA50004ADA6 /* SearchBar */ = {
			isa = PBXGroup;
			children = (
				EE366DFF29E9E5940004ADA6 /* SearchTextField.swift */,
				EE366DF929E9DFBA0004ADA6 /* LensView.swift */,
				EE366DFB29E9E0530004ADA6 /* SortSettingsView.swift */,
				EE366DFD29E9E1A60004ADA6 /* CrossButton.swift */,
				EE366E0329E9F1370004ADA6 /* CancelButton.swift */,
			);
			path = SearchBar;
			sourceTree = "<group>";
		};
		EE366E0629E9F3550004ADA6 /* DepartmentsNavigation */ = {
			isa = PBXGroup;
			children = (
				EE366E0729E9F3FF0004ADA6 /* Departments.swift */,
				EE366E0929E9F4380004ADA6 /* DepartmentSegmentedControl.swift */,
				EE366E0B29E9F5680004ADA6 /* DepartmentsContentView.swift */,
				EE366E0D29E9F5D40004ADA6 /* DepartmentScrollView.swift */,
			);
			path = DepartmentsNavigation;
			sourceTree = "<group>";
		};
		EE366E0F29E9F93A0004ADA6 /* NetworkService */ = {
			isa = PBXGroup;
			children = (
				EE366E2229EA01B20004ADA6 /* ErrorViews */,
				EE366E1029E9F9C90004ADA6 /* DataModel */,
				EE366E1529E9FAD20004ADA6 /* NetworkManager.swift */,
			);
			path = NetworkService;
			sourceTree = "<group>";
		};
		EE366E1029E9F9C90004ADA6 /* DataModel */ = {
			isa = PBXGroup;
			children = (
				EE366E1129E9F9DC0004ADA6 /* Employee.swift */,
				EE366E1329E9FA120004ADA6 /* Employees.swift */,
			);
			path = DataModel;
			sourceTree = "<group>";
		};
		EE366E1729E9FC390004ADA6 /* EmployeesList */ = {
			isa = PBXGroup;
			children = (
				EE366E1829E9FCF50004ADA6 /* EmployeesTableView.swift */,
				EE366E1A29E9FDB20004ADA6 /* EmployeesTableViewCell.swift */,
				EE366E1E29EA00590004ADA6 /* LoadingView.swift */,
				EE366E2029EA00FB0004ADA6 /* NotFindView.swift */,
				EE366E2529EA02EE0004ADA6 /* HeaderSectionView.swift */,
				EE366E2729EA06330004ADA6 /* SectionModel.swift */,
			);
			path = EmployeesList;
			sourceTree = "<group>";
		};
		EE366E2229EA01B20004ADA6 /* ErrorViews */ = {
			isa = PBXGroup;
			children = (
				EE366E2329EA02410004ADA6 /* ErrorView.swift */,
			);
			path = ErrorViews;
			sourceTree = "<group>";
		};
		EE366E2929EB31B50004ADA6 /* ModalStack VC */ = {
			isa = PBXGroup;
			children = (
				EE366E3029EB33920004ADA6 /* Views */,
				EE366E2A29EB32020004ADA6 /* ModalStackViewController.swift */,
			);
			path = "ModalStack VC";
			sourceTree = "<group>";
		};
		EE366E3029EB33920004ADA6 /* Views */ = {
			isa = PBXGroup;
			children = (
				EE366E2E29EB33230004ADA6 /* DotIndicator.swift */,
				EE366E3129EB33B70004ADA6 /* SortingMethodView.swift */,
				EE366E3329EB36470004ADA6 /* BackBarButtonItem.swift */,
			);
			path = Views;
			sourceTree = "<group>";
		};
		EE366E3529EB3EE70004ADA6 /* Detail VC */ = {
			isa = PBXGroup;
			children = (
				EE366E3829EB3FB60004ADA6 /* Views */,
				EE366E3629EB3F3A0004ADA6 /* ProfileViewController.swift */,
			);
			path = "Detail VC";
			sourceTree = "<group>";
		};
		EE366E3829EB3FB60004ADA6 /* Views */ = {
			isa = PBXGroup;
			children = (
				EE366E3929EB3FC90004ADA6 /* ProfileTitleContentView.swift */,
				EE366E3B29EB40AC0004ADA6 /* ProfileDetailsContentView.swift */,
			);
			path = Views;
			sourceTree = "<group>";
		};
/* End PBXGroup section */

/* Begin PBXNativeTarget section */
		EE366DD229E9DAD40004ADA6 /* Coder */ = {
			isa = PBXNativeTarget;
			buildConfigurationList = EE366DE729E9DAD50004ADA6 /* Build configuration list for PBXNativeTarget "Coder" */;
			buildPhases = (
				EE366DCF29E9DAD40004ADA6 /* Sources */,
				EE366DD029E9DAD40004ADA6 /* Frameworks */,
				EE366DD129E9DAD40004ADA6 /* Resources */,
			);
			buildRules = (
			);
			dependencies = (
			);
			name = Coder;
			productName = Coder;
			productReference = EE366DD329E9DAD40004ADA6 /* Coder.app */;
			productType = "com.apple.product-type.application";
		};
/* End PBXNativeTarget section */

/* Begin PBXProject section */
		EE366DCB29E9DAD40004ADA6 /* Project object */ = {
			isa = PBXProject;
			attributes = {
				BuildIndependentTargetsInParallel = 1;
				LastSwiftUpdateCheck = 1430;
				LastUpgradeCheck = 1430;
				TargetAttributes = {
					EE366DD229E9DAD40004ADA6 = {
						CreatedOnToolsVersion = 14.3;
					};
				};
			};
			buildConfigurationList = EE366DCE29E9DAD40004ADA6 /* Build configuration list for PBXProject "Coder" */;
			compatibilityVersion = "Xcode 14.0";
			developmentRegion = en;
			hasScannedForEncodings = 0;
			knownRegions = (
				en,
				Base,
			);
			mainGroup = EE366DCA29E9DAD40004ADA6;
			productRefGroup = EE366DD429E9DAD40004ADA6 /* Products */;
			projectDirPath = "";
			projectRoot = "";
			targets = (
				EE366DD229E9DAD40004ADA6 /* Coder */,
			);
		};
/* End PBXProject section */

/* Begin PBXResourcesBuildPhase section */
		EE366DD129E9DAD40004ADA6 /* Resources */ = {
			isa = PBXResourcesBuildPhase;
			buildActionMask = 2147483647;
			files = (
				EE366DE329E9DAD50004ADA6 /* LaunchScreen.storyboard in Resources */,
				EE366DE029E9DAD50004ADA6 /* Assets.xcassets in Resources */,
			);
			runOnlyForDeploymentPostprocessing = 0;
		};
/* End PBXResourcesBuildPhase section */

/* Begin PBXSourcesBuildPhase section */
		EE366DCF29E9DAD40004ADA6 /* Sources */ = {
			isa = PBXSourcesBuildPhase;
			buildActionMask = 2147483647;
			files = (
				EE366E0C29E9F5680004ADA6 /* DepartmentsContentView.swift in Sources */,
				EE366E0A29E9F4380004ADA6 /* DepartmentSegmentedControl.swift in Sources */,
				EE366DF429E9DDBD0004ADA6 /* MainViewController.swift in Sources */,
				EE366E1229E9F9DC0004ADA6 /* Employee.swift in Sources */,
				EE366E1629E9FAD20004ADA6 /* NetworkManager.swift in Sources */,
				EE366E3C29EB40AC0004ADA6 /* ProfileDetailsContentView.swift in Sources */,
				EE366DD729E9DAD40004ADA6 /* AppDelegate.swift in Sources */,
				EE366E0429E9F1370004ADA6 /* CancelButton.swift in Sources */,
				EE366E2129EA00FB0004ADA6 /* NotFindView.swift in Sources */,
				EE366E1B29E9FDB20004ADA6 /* EmployeesTableViewCell.swift in Sources */,
				EE366E0829E9F3FF0004ADA6 /* Departments.swift in Sources */,
				EE366E1429E9FA120004ADA6 /* Employees.swift in Sources */,
				EE366E2829EA06330004ADA6 /* SectionModel.swift in Sources */,
				EE366E0E29E9F5D40004ADA6 /* DepartmentScrollView.swift in Sources */,
				EE366E3729EB3F3A0004ADA6 /* ProfileViewController.swift in Sources */,
				EE366E1D29E9FE9E0004ADA6 /* CoderDateFormatter.swift in Sources */,
				EE366E0229E9EEAE0004ADA6 /* Animation.swift in Sources */,
				EE366E1F29EA00590004ADA6 /* LoadingView.swift in Sources */,
				EE366E1929E9FCF50004ADA6 /* EmployeesTableView.swift in Sources */,
				EE366DFA29E9DFBA0004ADA6 /* LensView.swift in Sources */,
				EE366DFC29E9E0530004ADA6 /* SortSettingsView.swift in Sources */,
				EE366E3429EB36470004ADA6 /* BackBarButtonItem.swift in Sources */,
				EE366E3229EB33B70004ADA6 /* SortingMethodView.swift in Sources */,
				EE366E0029E9E5940004ADA6 /* SearchTextField.swift in Sources */,
				EE366DFE29E9E1A60004ADA6 /* CrossButton.swift in Sources */,
				EE366E2B29EB32020004ADA6 /* ModalStackViewController.swift in Sources */,
				EE366DD929E9DAD40004ADA6 /* SceneDelegate.swift in Sources */,
				EE366E2629EA02EE0004ADA6 /* HeaderSectionView.swift in Sources */,
				EE366E2429EA02410004ADA6 /* ErrorView.swift in Sources */,
				EE366E2F29EB33230004ADA6 /* DotIndicator.swift in Sources */,
				EE366E3A29EB3FC90004ADA6 /* ProfileTitleContentView.swift in Sources */,
			);
			runOnlyForDeploymentPostprocessing = 0;
		};
/* End PBXSourcesBuildPhase section */

/* Begin PBXVariantGroup section */
		EE366DE129E9DAD50004ADA6 /* LaunchScreen.storyboard */ = {
			isa = PBXVariantGroup;
			children = (
				EE366DE229E9DAD50004ADA6 /* Base */,
			);
			name = LaunchScreen.storyboard;
			sourceTree = "<group>";
		};
/* End PBXVariantGroup section */

/* Begin XCBuildConfiguration section */
		EE366DE529E9DAD50004ADA6 /* Debug */ = {
			isa = XCBuildConfiguration;
			buildSettings = {
				ALWAYS_SEARCH_USER_PATHS = NO;
				CLANG_ANALYZER_NONNULL = YES;
				CLANG_ANALYZER_NUMBER_OBJECT_CONVERSION = YES_AGGRESSIVE;
				CLANG_CXX_LANGUAGE_STANDARD = "gnu++20";
				CLANG_ENABLE_MODULES = YES;
				CLANG_ENABLE_OBJC_ARC = YES;
				CLANG_ENABLE_OBJC_WEAK = YES;
				CLANG_WARN_BLOCK_CAPTURE_AUTORELEASING = YES;
				CLANG_WARN_BOOL_CONVERSION = YES;
				CLANG_WARN_COMMA = YES;
				CLANG_WARN_CONSTANT_CONVERSION = YES;
				CLANG_WARN_DEPRECATED_OBJC_IMPLEMENTATIONS = YES;
				CLANG_WARN_DIRECT_OBJC_ISA_USAGE = YES_ERROR;
				CLANG_WARN_DOCUMENTATION_COMMENTS = YES;
				CLANG_WARN_EMPTY_BODY = YES;
				CLANG_WARN_ENUM_CONVERSION = YES;
				CLANG_WARN_INFINITE_RECURSION = YES;
				CLANG_WARN_INT_CONVERSION = YES;
				CLANG_WARN_NON_LITERAL_NULL_CONVERSION = YES;
				CLANG_WARN_OBJC_IMPLICIT_RETAIN_SELF = YES;
				CLANG_WARN_OBJC_LITERAL_CONVERSION = YES;
				CLANG_WARN_OBJC_ROOT_CLASS = YES_ERROR;
				CLANG_WARN_QUOTED_INCLUDE_IN_FRAMEWORK_HEADER = YES;
				CLANG_WARN_RANGE_LOOP_ANALYSIS = YES;
				CLANG_WARN_STRICT_PROTOTYPES = YES;
				CLANG_WARN_SUSPICIOUS_MOVE = YES;
				CLANG_WARN_UNGUARDED_AVAILABILITY = YES_AGGRESSIVE;
				CLANG_WARN_UNREACHABLE_CODE = YES;
				CLANG_WARN__DUPLICATE_METHOD_MATCH = YES;
				COPY_PHASE_STRIP = NO;
				DEBUG_INFORMATION_FORMAT = dwarf;
				ENABLE_STRICT_OBJC_MSGSEND = YES;
				ENABLE_TESTABILITY = YES;
				GCC_C_LANGUAGE_STANDARD = gnu11;
				GCC_DYNAMIC_NO_PIC = NO;
				GCC_NO_COMMON_BLOCKS = YES;
				GCC_OPTIMIZATION_LEVEL = 0;
				GCC_PREPROCESSOR_DEFINITIONS = (
					"DEBUG=1",
					"$(inherited)",
				);
				GCC_WARN_64_TO_32_BIT_CONVERSION = YES;
				GCC_WARN_ABOUT_RETURN_TYPE = YES_ERROR;
				GCC_WARN_UNDECLARED_SELECTOR = YES;
				GCC_WARN_UNINITIALIZED_AUTOS = YES_AGGRESSIVE;
				GCC_WARN_UNUSED_FUNCTION = YES;
				GCC_WARN_UNUSED_VARIABLE = YES;
				IPHONEOS_DEPLOYMENT_TARGET = 16.4;
				MTL_ENABLE_DEBUG_INFO = INCLUDE_SOURCE;
				MTL_FAST_MATH = YES;
				ONLY_ACTIVE_ARCH = YES;
				SDKROOT = iphoneos;
				SWIFT_ACTIVE_COMPILATION_CONDITIONS = DEBUG;
				SWIFT_OPTIMIZATION_LEVEL = "-Onone";
			};
			name = Debug;
		};
		EE366DE629E9DAD50004ADA6 /* Release */ = {
			isa = XCBuildConfiguration;
			buildSettings = {
				ALWAYS_SEARCH_USER_PATHS = NO;
				CLANG_ANALYZER_NONNULL = YES;
				CLANG_ANALYZER_NUMBER_OBJECT_CONVERSION = YES_AGGRESSIVE;
				CLANG_CXX_LANGUAGE_STANDARD = "gnu++20";
				CLANG_ENABLE_MODULES = YES;
				CLANG_ENABLE_OBJC_ARC = YES;
				CLANG_ENABLE_OBJC_WEAK = YES;
				CLANG_WARN_BLOCK_CAPTURE_AUTORELEASING = YES;
				CLANG_WARN_BOOL_CONVERSION = YES;
				CLANG_WARN_COMMA = YES;
				CLANG_WARN_CONSTANT_CONVERSION = YES;
				CLANG_WARN_DEPRECATED_OBJC_IMPLEMENTATIONS = YES;
				CLANG_WARN_DIRECT_OBJC_ISA_USAGE = YES_ERROR;
				CLANG_WARN_DOCUMENTATION_COMMENTS = YES;
				CLANG_WARN_EMPTY_BODY = YES;
				CLANG_WARN_ENUM_CONVERSION = YES;
				CLANG_WARN_INFINITE_RECURSION = YES;
				CLANG_WARN_INT_CONVERSION = YES;
				CLANG_WARN_NON_LITERAL_NULL_CONVERSION = YES;
				CLANG_WARN_OBJC_IMPLICIT_RETAIN_SELF = YES;
				CLANG_WARN_OBJC_LITERAL_CONVERSION = YES;
				CLANG_WARN_OBJC_ROOT_CLASS = YES_ERROR;
				CLANG_WARN_QUOTED_INCLUDE_IN_FRAMEWORK_HEADER = YES;
				CLANG_WARN_RANGE_LOOP_ANALYSIS = YES;
				CLANG_WARN_STRICT_PROTOTYPES = YES;
				CLANG_WARN_SUSPICIOUS_MOVE = YES;
				CLANG_WARN_UNGUARDED_AVAILABILITY = YES_AGGRESSIVE;
				CLANG_WARN_UNREACHABLE_CODE = YES;
				CLANG_WARN__DUPLICATE_METHOD_MATCH = YES;
				COPY_PHASE_STRIP = NO;
				DEBUG_INFORMATION_FORMAT = "dwarf-with-dsym";
				ENABLE_NS_ASSERTIONS = NO;
				ENABLE_STRICT_OBJC_MSGSEND = YES;
				GCC_C_LANGUAGE_STANDARD = gnu11;
				GCC_NO_COMMON_BLOCKS = YES;
				GCC_WARN_64_TO_32_BIT_CONVERSION = YES;
				GCC_WARN_ABOUT_RETURN_TYPE = YES_ERROR;
				GCC_WARN_UNDECLARED_SELECTOR = YES;
				GCC_WARN_UNINITIALIZED_AUTOS = YES_AGGRESSIVE;
				GCC_WARN_UNUSED_FUNCTION = YES;
				GCC_WARN_UNUSED_VARIABLE = YES;
				IPHONEOS_DEPLOYMENT_TARGET = 16.4;
				MTL_ENABLE_DEBUG_INFO = NO;
				MTL_FAST_MATH = YES;
				SDKROOT = iphoneos;
				SWIFT_COMPILATION_MODE = wholemodule;
				SWIFT_OPTIMIZATION_LEVEL = "-O";
				VALIDATE_PRODUCT = YES;
			};
			name = Release;
		};
		EE366DE829E9DAD50004ADA6 /* Debug */ = {
			isa = XCBuildConfiguration;
			buildSettings = {
				ASSETCATALOG_COMPILER_APPICON_NAME = AppIcon;
				ASSETCATALOG_COMPILER_GLOBAL_ACCENT_COLOR_NAME = AccentColor;
				CODE_SIGN_STYLE = Automatic;
				CURRENT_PROJECT_VERSION = 1;
				DEVELOPMENT_TEAM = 78LJDLM89M;
				GENERATE_INFOPLIST_FILE = YES;
				INFOPLIST_FILE = "Coder/Supporting files/Info.plist";
				INFOPLIST_KEY_UIApplicationSupportsIndirectInputEvents = YES;
				INFOPLIST_KEY_UILaunchStoryboardName = LaunchScreen;
				INFOPLIST_KEY_UISupportedInterfaceOrientations_iPad = "UIInterfaceOrientationPortrait UIInterfaceOrientationPortraitUpsideDown UIInterfaceOrientationLandscapeLeft UIInterfaceOrientationLandscapeRight";
				INFOPLIST_KEY_UISupportedInterfaceOrientations_iPhone = "UIInterfaceOrientationPortrait UIInterfaceOrientationLandscapeLeft UIInterfaceOrientationLandscapeRight";
				LD_RUNPATH_SEARCH_PATHS = (
					"$(inherited)",
					"@executable_path/Frameworks",
				);
				MARKETING_VERSION = 1.0;
				PRODUCT_BUNDLE_IDENTIFIER = "-stepantin-.Coder";
				PRODUCT_NAME = "$(TARGET_NAME)";
				SWIFT_EMIT_LOC_STRINGS = YES;
				SWIFT_VERSION = 5.0;
				TARGETED_DEVICE_FAMILY = "1,2";
			};
			name = Debug;
		};
		EE366DE929E9DAD50004ADA6 /* Release */ = {
			isa = XCBuildConfiguration;
			buildSettings = {
				ASSETCATALOG_COMPILER_APPICON_NAME = AppIcon;
				ASSETCATALOG_COMPILER_GLOBAL_ACCENT_COLOR_NAME = AccentColor;
				CODE_SIGN_STYLE = Automatic;
				CURRENT_PROJECT_VERSION = 1;
				DEVELOPMENT_TEAM = 78LJDLM89M;
				GENERATE_INFOPLIST_FILE = YES;
				INFOPLIST_FILE = "Coder/Supporting files/Info.plist";
				INFOPLIST_KEY_UIApplicationSupportsIndirectInputEvents = YES;
				INFOPLIST_KEY_UILaunchStoryboardName = LaunchScreen;
				INFOPLIST_KEY_UISupportedInterfaceOrientations_iPad = "UIInterfaceOrientationPortrait UIInterfaceOrientationPortraitUpsideDown UIInterfaceOrientationLandscapeLeft UIInterfaceOrientationLandscapeRight";
				INFOPLIST_KEY_UISupportedInterfaceOrientations_iPhone = "UIInterfaceOrientationPortrait UIInterfaceOrientationLandscapeLeft UIInterfaceOrientationLandscapeRight";
				LD_RUNPATH_SEARCH_PATHS = (
					"$(inherited)",
					"@executable_path/Frameworks",
				);
				MARKETING_VERSION = 1.0;
				PRODUCT_BUNDLE_IDENTIFIER = "-stepantin-.Coder";
				PRODUCT_NAME = "$(TARGET_NAME)";
				SWIFT_EMIT_LOC_STRINGS = YES;
				SWIFT_VERSION = 5.0;
				TARGETED_DEVICE_FAMILY = "1,2";
			};
			name = Release;
		};
/* End XCBuildConfiguration section */

/* Begin XCConfigurationList section */
		EE366DCE29E9DAD40004ADA6 /* Build configuration list for PBXProject "Coder" */ = {
			isa = XCConfigurationList;
			buildConfigurations = (
				EE366DE529E9DAD50004ADA6 /* Debug */,
				EE366DE629E9DAD50004ADA6 /* Release */,
			);
			defaultConfigurationIsVisible = 0;
			defaultConfigurationName = Release;
		};
		EE366DE729E9DAD50004ADA6 /* Build configuration list for PBXNativeTarget "Coder" */ = {
			isa = XCConfigurationList;
			buildConfigurations = (
				EE366DE829E9DAD50004ADA6 /* Debug */,
				EE366DE929E9DAD50004ADA6 /* Release */,
			);
			defaultConfigurationIsVisible = 0;
			defaultConfigurationName = Release;
		};
/* End XCConfigurationList section */
	};
	rootObject = EE366DCB29E9DAD40004ADA6 /* Project object */;
}
